
Microsoft Visual Studio Solution File, Format Version 12.00
# Visual Studio 15
VisualStudioVersion = 15.0.27703.2047
MinimumVisualStudioVersion = 10.0.40219.1
Project("{FAE04EC0-301F-11D3-BF4B-00C04F79EFBC}") = "GetOrderInfo", "GetOrderInfo.csproj", "{B2FDFBB7-CA94-428D-A27B-1A9FD67CDB66}"
EndProject
Global
	GlobalSection(SolutionConfigurationPlatforms) = preSolution
		Debug|Any CPU = Debug|Any CPU
		Release|Any CPU = Release|Any CPU
	EndGlobalSection
	GlobalSection(ProjectConfigurationPlatforms) = postSolution
		{B2FDFBB7-CA94-428D-A27B-1A9FD67CDB66}.Debug|Any CPU.ActiveCfg = Debug|Any CPU
		{B2FDFBB7-CA94-428D-A27B-1A9FD67CDB66}.Debug|Any CPU.Build.0 = Debug|Any CPU
		{B2FDFBB7-CA94-428D-A27B-1A9FD67CDB66}.Release|Any CPU.ActiveCfg = Release|Any CPU
		{B2FDFBB7-CA94-428D-A27B-1A9FD67CDB66}.Release|Any CPU.Build.0 = Release|Any CPU
	EndGlobalSection
	GlobalSection(SolutionProperties) = preSolution
		HideSolutionNode = FALSE
	EndGlobalSection
	GlobalSection(ExtensibilityGlobals) = postSolution
		SolutionGuid = {D0C1C8CC-A847-4034-AE4D-D837F14C4661}
	EndGlobalSection
EndGlobal
